// !$*UTF8*$!
{
	archiveVersion = 1;
	classes = {
	};
	objectVersion = 50;
	objects = {

/* Begin PBXBuildFile section */
		D655299124E92C920027CF5F /* AppDelegate.swift in Sources */ = {isa = PBXBuildFile; fileRef = D655299024E92C920027CF5F /* AppDelegate.swift */; };
		D655299324E92C920027CF5F /* SceneDelegate.swift in Sources */ = {isa = PBXBuildFile; fileRef = D655299224E92C920027CF5F /* SceneDelegate.swift */; };
		D655299524E92C920027CF5F /* ViewController.swift in Sources */ = {isa = PBXBuildFile; fileRef = D655299424E92C920027CF5F /* ViewController.swift */; };
		D655299824E92C920027CF5F /* Main.storyboard in Resources */ = {isa = PBXBuildFile; fileRef = D655299624E92C920027CF5F /* Main.storyboard */; };
		D655299A24E92C9F0027CF5F /* Assets.xcassets in Resources */ = {isa = PBXBuildFile; fileRef = D655299924E92C9F0027CF5F /* Assets.xcassets */; };
		D655299D24E92C9F0027CF5F /* LaunchScreen.storyboard in Resources */ = {isa = PBXBuildFile; fileRef = D655299B24E92C9F0027CF5F /* LaunchScreen.storyboard */; };
		D65529B324E92C9F0027CF5F /* iosdc_2020_demoUITests.swift in Sources */ = {isa = PBXBuildFile; fileRef = D65529B224E92C9F0027CF5F /* iosdc_2020_demoUITests.swift */; };
		D65529CE24E9324A0027CF5F /* SomeEntity.swift in Sources */ = {isa = PBXBuildFile; fileRef = D65529CD24E9324A0027CF5F /* SomeEntity.swift */; };
		D65529D024E932A90027CF5F /* SomeType.swift in Sources */ = {isa = PBXBuildFile; fileRef = D65529CF24E932A90027CF5F /* SomeType.swift */; };
		D65529D224E933240027CF5F /* SomeRepository.swift in Sources */ = {isa = PBXBuildFile; fileRef = D65529D124E933240027CF5F /* SomeRepository.swift */; };
		D65529D424E933820027CF5F /* SomeRepositoryImpl.swift in Sources */ = {isa = PBXBuildFile; fileRef = D65529D324E933820027CF5F /* SomeRepositoryImpl.swift */; };
		D65529D824E933E10027CF5F /* SomeLocalDataSource.swift in Sources */ = {isa = PBXBuildFile; fileRef = D65529D724E933E10027CF5F /* SomeLocalDataSource.swift */; };
		D65529DA24E9342D0027CF5F /* SomeRemoteDataSource.swift in Sources */ = {isa = PBXBuildFile; fileRef = D65529D924E9342D0027CF5F /* SomeRemoteDataSource.swift */; };
		D65529DC24E934760027CF5F /* SomeAlamofireDataSource.swift in Sources */ = {isa = PBXBuildFile; fileRef = D65529DB24E934760027CF5F /* SomeAlamofireDataSource.swift */; };
		D65529DE24E935190027CF5F /* SomeViewContract.swift in Sources */ = {isa = PBXBuildFile; fileRef = D65529DD24E935190027CF5F /* SomeViewContract.swift */; };
		D65529E024E935A90027CF5F /* SomePresenterImpl.swift in Sources */ = {isa = PBXBuildFile; fileRef = D65529DF24E935A90027CF5F /* SomePresenterImpl.swift */; };
		D65529E224E967E00027CF5F /* SomeViewController.swift in Sources */ = {isa = PBXBuildFile; fileRef = D65529E124E967E00027CF5F /* SomeViewController.swift */; };
		D65529E424E967FB0027CF5F /* SomeViewController.storyboard in Resources */ = {isa = PBXBuildFile; fileRef = D65529E324E967FB0027CF5F /* SomeViewController.storyboard */; };
		D65529E624E96A430027CF5F /* SomePresenterTests.swift in Sources */ = {isa = PBXBuildFile; fileRef = D65529E524E96A430027CF5F /* SomePresenterTests.swift */; };
		D65529E924EAB5AF0027CF5F /* DataSourceFactory.swift in Sources */ = {isa = PBXBuildFile; fileRef = D65529E824EAB5AF0027CF5F /* DataSourceFactory.swift */; };
		D65529EB24EAB5C10027CF5F /* RepositoryFactory.swift in Sources */ = {isa = PBXBuildFile; fileRef = D65529EA24EAB5C10027CF5F /* RepositoryFactory.swift */; };
		D65529EF24EAB7420027CF5F /* ViewControllerFactory.swift in Sources */ = {isa = PBXBuildFile; fileRef = D65529EE24EAB7420027CF5F /* ViewControllerFactory.swift */; };
		D65529F124EABD700027CF5F /* HogeEntity.swift in Sources */ = {isa = PBXBuildFile; fileRef = D65529F024EABD700027CF5F /* HogeEntity.swift */; };
		D65529F324EABE530027CF5F /* SomeCoreDataSource.swift in Sources */ = {isa = PBXBuildFile; fileRef = D65529F224EABE530027CF5F /* SomeCoreDataSource.swift */; };
/* End PBXBuildFile section */

/* Begin PBXContainerItemProxy section */
		D65529A424E92C9F0027CF5F /* PBXContainerItemProxy */ = {
			isa = PBXContainerItemProxy;
			containerPortal = D655298524E92C920027CF5F /* Project object */;
			proxyType = 1;
			remoteGlobalIDString = D655298C24E92C920027CF5F;
			remoteInfo = "iosdc-2020-demo";
		};
		D65529AF24E92C9F0027CF5F /* PBXContainerItemProxy */ = {
			isa = PBXContainerItemProxy;
			containerPortal = D655298524E92C920027CF5F /* Project object */;
			proxyType = 1;
			remoteGlobalIDString = D655298C24E92C920027CF5F;
			remoteInfo = "iosdc-2020-demo";
		};
/* End PBXContainerItemProxy section */

/* Begin PBXFileReference section */
		D655298D24E92C920027CF5F /* iosdc-2020-demo.app */ = {isa = PBXFileReference; explicitFileType = wrapper.application; includeInIndex = 0; path = "iosdc-2020-demo.app"; sourceTree = BUILT_PRODUCTS_DIR; };
		D655299024E92C920027CF5F /* AppDelegate.swift */ = {isa = PBXFileReference; lastKnownFileType = sourcecode.swift; path = AppDelegate.swift; sourceTree = "<group>"; };
		D655299224E92C920027CF5F /* SceneDelegate.swift */ = {isa = PBXFileReference; lastKnownFileType = sourcecode.swift; path = SceneDelegate.swift; sourceTree = "<group>"; };
		D655299424E92C920027CF5F /* ViewController.swift */ = {isa = PBXFileReference; lastKnownFileType = sourcecode.swift; path = ViewController.swift; sourceTree = "<group>"; };
		D655299724E92C920027CF5F /* Base */ = {isa = PBXFileReference; lastKnownFileType = file.storyboard; name = Base; path = Base.lproj/Main.storyboard; sourceTree = "<group>"; };
		D655299924E92C9F0027CF5F /* Assets.xcassets */ = {isa = PBXFileReference; lastKnownFileType = folder.assetcatalog; path = Assets.xcassets; sourceTree = "<group>"; };
		D655299C24E92C9F0027CF5F /* Base */ = {isa = PBXFileReference; lastKnownFileType = file.storyboard; name = Base; path = Base.lproj/LaunchScreen.storyboard; sourceTree = "<group>"; };
		D655299E24E92C9F0027CF5F /* Info.plist */ = {isa = PBXFileReference; lastKnownFileType = text.plist.xml; path = Info.plist; sourceTree = "<group>"; };
		D65529A324E92C9F0027CF5F /* iosdc-2020-demoTests.xctest */ = {isa = PBXFileReference; explicitFileType = wrapper.cfbundle; includeInIndex = 0; path = "iosdc-2020-demoTests.xctest"; sourceTree = BUILT_PRODUCTS_DIR; };
		D65529A924E92C9F0027CF5F /* Info.plist */ = {isa = PBXFileReference; lastKnownFileType = text.plist.xml; path = Info.plist; sourceTree = "<group>"; };
		D65529AE24E92C9F0027CF5F /* iosdc-2020-demoUITests.xctest */ = {isa = PBXFileReference; explicitFileType = wrapper.cfbundle; includeInIndex = 0; path = "iosdc-2020-demoUITests.xctest"; sourceTree = BUILT_PRODUCTS_DIR; };
		D65529B224E92C9F0027CF5F /* iosdc_2020_demoUITests.swift */ = {isa = PBXFileReference; lastKnownFileType = sourcecode.swift; path = iosdc_2020_demoUITests.swift; sourceTree = "<group>"; };
		D65529B424E92C9F0027CF5F /* Info.plist */ = {isa = PBXFileReference; lastKnownFileType = text.plist.xml; path = Info.plist; sourceTree = "<group>"; };
		D65529CD24E9324A0027CF5F /* SomeEntity.swift */ = {isa = PBXFileReference; lastKnownFileType = sourcecode.swift; path = SomeEntity.swift; sourceTree = "<group>"; };
		D65529CF24E932A90027CF5F /* SomeType.swift */ = {isa = PBXFileReference; lastKnownFileType = sourcecode.swift; path = SomeType.swift; sourceTree = "<group>"; };
		D65529D124E933240027CF5F /* SomeRepository.swift */ = {isa = PBXFileReference; lastKnownFileType = sourcecode.swift; path = SomeRepository.swift; sourceTree = "<group>"; };
		D65529D324E933820027CF5F /* SomeRepositoryImpl.swift */ = {isa = PBXFileReference; lastKnownFileType = sourcecode.swift; path = SomeRepositoryImpl.swift; sourceTree = "<group>"; };
		D65529D724E933E10027CF5F /* SomeLocalDataSource.swift */ = {isa = PBXFileReference; lastKnownFileType = sourcecode.swift; path = SomeLocalDataSource.swift; sourceTree = "<group>"; };
		D65529D924E9342D0027CF5F /* SomeRemoteDataSource.swift */ = {isa = PBXFileReference; lastKnownFileType = sourcecode.swift; path = SomeRemoteDataSource.swift; sourceTree = "<group>"; };
		D65529DB24E934760027CF5F /* SomeAlamofireDataSource.swift */ = {isa = PBXFileReference; lastKnownFileType = sourcecode.swift; path = SomeAlamofireDataSource.swift; sourceTree = "<group>"; };
		D65529DD24E935190027CF5F /* SomeViewContract.swift */ = {isa = PBXFileReference; lastKnownFileType = sourcecode.swift; path = SomeViewContract.swift; sourceTree = "<group>"; };
		D65529DF24E935A90027CF5F /* SomePresenterImpl.swift */ = {isa = PBXFileReference; lastKnownFileType = sourcecode.swift; path = SomePresenterImpl.swift; sourceTree = "<group>"; };
		D65529E124E967E00027CF5F /* SomeViewController.swift */ = {isa = PBXFileReference; lastKnownFileType = sourcecode.swift; path = SomeViewController.swift; sourceTree = "<group>"; };
		D65529E324E967FB0027CF5F /* SomeViewController.storyboard */ = {isa = PBXFileReference; lastKnownFileType = file.storyboard; path = SomeViewController.storyboard; sourceTree = "<group>"; };
		D65529E524E96A430027CF5F /* SomePresenterTests.swift */ = {isa = PBXFileReference; lastKnownFileType = sourcecode.swift; path = SomePresenterTests.swift; sourceTree = "<group>"; };
		D65529E824EAB5AF0027CF5F /* DataSourceFactory.swift */ = {isa = PBXFileReference; lastKnownFileType = sourcecode.swift; path = DataSourceFactory.swift; sourceTree = "<group>"; };
		D65529EA24EAB5C10027CF5F /* RepositoryFactory.swift */ = {isa = PBXFileReference; lastKnownFileType = sourcecode.swift; path = RepositoryFactory.swift; sourceTree = "<group>"; };
		D65529EE24EAB7420027CF5F /* ViewControllerFactory.swift */ = {isa = PBXFileReference; lastKnownFileType = sourcecode.swift; path = ViewControllerFactory.swift; sourceTree = "<group>"; };
		D65529F024EABD700027CF5F /* HogeEntity.swift */ = {isa = PBXFileReference; lastKnownFileType = sourcecode.swift; path = HogeEntity.swift; sourceTree = "<group>"; };
		D65529F224EABE530027CF5F /* SomeCoreDataSource.swift */ = {isa = PBXFileReference; lastKnownFileType = sourcecode.swift; path = SomeCoreDataSource.swift; sourceTree = "<group>"; };
/* End PBXFileReference section */

/* Begin PBXFrameworksBuildPhase section */
		D655298A24E92C920027CF5F /* Frameworks */ = {
			isa = PBXFrameworksBuildPhase;
			buildActionMask = 2147483647;
			files = (
			);
			runOnlyForDeploymentPostprocessing = 0;
		};
		D65529A024E92C9F0027CF5F /* Frameworks */ = {
			isa = PBXFrameworksBuildPhase;
			buildActionMask = 2147483647;
			files = (
			);
			runOnlyForDeploymentPostprocessing = 0;
		};
		D65529AB24E92C9F0027CF5F /* Frameworks */ = {
			isa = PBXFrameworksBuildPhase;
			buildActionMask = 2147483647;
			files = (
			);
			runOnlyForDeploymentPostprocessing = 0;
		};
/* End PBXFrameworksBuildPhase section */

/* Begin PBXGroup section */
		D655298424E92C920027CF5F = {
			isa = PBXGroup;
			children = (
				D655298F24E92C920027CF5F /* iosdc-2020-demo */,
				D65529A624E92C9F0027CF5F /* iosdc-2020-demoTests */,
				D65529B124E92C9F0027CF5F /* iosdc-2020-demoUITests */,
				D655298E24E92C920027CF5F /* Products */,
			);
			sourceTree = "<group>";
		};
		D655298E24E92C920027CF5F /* Products */ = {
			isa = PBXGroup;
			children = (
				D655298D24E92C920027CF5F /* iosdc-2020-demo.app */,
				D65529A324E92C9F0027CF5F /* iosdc-2020-demoTests.xctest */,
				D65529AE24E92C9F0027CF5F /* iosdc-2020-demoUITests.xctest */,
			);
			name = Products;
			sourceTree = "<group>";
		};
		D655298F24E92C920027CF5F /* iosdc-2020-demo */ = {
			isa = PBXGroup;
			children = (
				D655299024E92C920027CF5F /* AppDelegate.swift */,
				D655299924E92C9F0027CF5F /* Assets.xcassets */,
				D65529C224E9314D0027CF5F /* Data */,
				D65529E724EAB5940027CF5F /* DI */,
				D65529C024E9313D0027CF5F /* Domain */,
				D655299E24E92C9F0027CF5F /* Info.plist */,
				D655299B24E92C9F0027CF5F /* LaunchScreen.storyboard */,
				D65529C124E931450027CF5F /* Presentation */,
				D655299224E92C920027CF5F /* SceneDelegate.swift */,
			);
			path = "iosdc-2020-demo";
			sourceTree = "<group>";
		};
		D65529A624E92C9F0027CF5F /* iosdc-2020-demoTests */ = {
			isa = PBXGroup;
			children = (
				D65529A924E92C9F0027CF5F /* Info.plist */,
				D65529E524E96A430027CF5F /* SomePresenterTests.swift */,
			);
			path = "iosdc-2020-demoTests";
			sourceTree = "<group>";
		};
		D65529B124E92C9F0027CF5F /* iosdc-2020-demoUITests */ = {
			isa = PBXGroup;
			children = (
				D65529B224E92C9F0027CF5F /* iosdc_2020_demoUITests.swift */,
				D65529B424E92C9F0027CF5F /* Info.plist */,
			);
			path = "iosdc-2020-demoUITests";
			sourceTree = "<group>";
		};
		D65529C024E9313D0027CF5F /* Domain */ = {
			isa = PBXGroup;
			children = (
				D65529C424E9319A0027CF5F /* Entity */,
				D65529C324E931900027CF5F /* Repository */,
			);
			path = Domain;
			sourceTree = "<group>";
		};
		D65529C124E931450027CF5F /* Presentation */ = {
			isa = PBXGroup;
			children = (
				D65529CB24E931EB0027CF5F /* Presenter */,
				D65529C924E931D00027CF5F /* Storyboard */,
				D65529CC24E931F20027CF5F /* ViewContract */,
				D65529CA24E931DB0027CF5F /* ViewController */,
			);
			path = Presentation;
			sourceTree = "<group>";
		};
		D65529C224E9314D0027CF5F /* Data */ = {
			isa = PBXGroup;
			children = (
				D65529C624E931AB0027CF5F /* DataSource */,
				D65529C524E931A40027CF5F /* Repository */,
			);
			path = Data;
			sourceTree = "<group>";
		};
		D65529C324E931900027CF5F /* Repository */ = {
			isa = PBXGroup;
			children = (
				D65529D124E933240027CF5F /* SomeRepository.swift */,
			);
			path = Repository;
			sourceTree = "<group>";
		};
		D65529C424E9319A0027CF5F /* Entity */ = {
			isa = PBXGroup;
			children = (
				D65529F024EABD700027CF5F /* HogeEntity.swift */,
				D65529CD24E9324A0027CF5F /* SomeEntity.swift */,
				D65529CF24E932A90027CF5F /* SomeType.swift */,
			);
			path = Entity;
			sourceTree = "<group>";
		};
		D65529C524E931A40027CF5F /* Repository */ = {
			isa = PBXGroup;
			children = (
				D65529D324E933820027CF5F /* SomeRepositoryImpl.swift */,
			);
			path = Repository;
			sourceTree = "<group>";
		};
		D65529C624E931AB0027CF5F /* DataSource */ = {
			isa = PBXGroup;
			children = (
				D65529C724E931B80027CF5F /* Local */,
				D65529C824E931BD0027CF5F /* Remote */,
			);
			path = DataSource;
			sourceTree = "<group>";
		};
		D65529C724E931B80027CF5F /* Local */ = {
			isa = PBXGroup;
			children = (
				D65529D524E933C90027CF5F /* Impl */,
				D65529D724E933E10027CF5F /* SomeLocalDataSource.swift */,
			);
			path = Local;
			sourceTree = "<group>";
		};
		D65529C824E931BD0027CF5F /* Remote */ = {
			isa = PBXGroup;
			children = (
				D65529D624E933CF0027CF5F /* Impl */,
				D65529D924E9342D0027CF5F /* SomeRemoteDataSource.swift */,
			);
			path = Remote;
			sourceTree = "<group>";
		};
		D65529C924E931D00027CF5F /* Storyboard */ = {
			isa = PBXGroup;
			children = (
				D655299624E92C920027CF5F /* Main.storyboard */,
				D65529E324E967FB0027CF5F /* SomeViewController.storyboard */,
			);
			path = Storyboard;
			sourceTree = "<group>";
		};
		D65529CA24E931DB0027CF5F /* ViewController */ = {
			isa = PBXGroup;
			children = (
				D65529E124E967E00027CF5F /* SomeViewController.swift */,
				D655299424E92C920027CF5F /* ViewController.swift */,
			);
			path = ViewController;
			sourceTree = "<group>";
		};
		D65529CB24E931EB0027CF5F /* Presenter */ = {
			isa = PBXGroup;
			children = (
				D65529DF24E935A90027CF5F /* SomePresenterImpl.swift */,
			);
			path = Presenter;
			sourceTree = "<group>";
		};
		D65529CC24E931F20027CF5F /* ViewContract */ = {
			isa = PBXGroup;
			children = (
				D65529DD24E935190027CF5F /* SomeViewContract.swift */,
			);
			path = ViewContract;
			sourceTree = "<group>";
		};
		D65529D524E933C90027CF5F /* Impl */ = {
			isa = PBXGroup;
			children = (
				D65529F224EABE530027CF5F /* SomeCoreDataSource.swift */,
			);
			path = Impl;
			sourceTree = "<group>";
		};
		D65529D624E933CF0027CF5F /* Impl */ = {
			isa = PBXGroup;
			children = (
				D65529DB24E934760027CF5F /* SomeAlamofireDataSource.swift */,
			);
			path = Impl;
			sourceTree = "<group>";
		};
		D65529E724EAB5940027CF5F /* DI */ = {
			isa = PBXGroup;
			children = (
				D65529E824EAB5AF0027CF5F /* DataSourceFactory.swift */,
				D65529EA24EAB5C10027CF5F /* RepositoryFactory.swift */,
				D65529EE24EAB7420027CF5F /* ViewControllerFactory.swift */,
			);
			path = DI;
			sourceTree = "<group>";
		};
/* End PBXGroup section */

/* Begin PBXNativeTarget section */
		D655298C24E92C920027CF5F /* iosdc-2020-demo */ = {
			isa = PBXNativeTarget;
			buildConfigurationList = D65529B724E92C9F0027CF5F /* Build configuration list for PBXNativeTarget "iosdc-2020-demo" */;
			buildPhases = (
				D655298924E92C920027CF5F /* Sources */,
				D655298A24E92C920027CF5F /* Frameworks */,
				D655298B24E92C920027CF5F /* Resources */,
			);
			buildRules = (
			);
			dependencies = (
			);
			name = "iosdc-2020-demo";
			productName = "iosdc-2020-demo";
			productReference = D655298D24E92C920027CF5F /* iosdc-2020-demo.app */;
			productType = "com.apple.product-type.application";
		};
		D65529A224E92C9F0027CF5F /* iosdc-2020-demoTests */ = {
			isa = PBXNativeTarget;
			buildConfigurationList = D65529BA24E92C9F0027CF5F /* Build configuration list for PBXNativeTarget "iosdc-2020-demoTests" */;
			buildPhases = (
				D655299F24E92C9F0027CF5F /* Sources */,
				D65529A024E92C9F0027CF5F /* Frameworks */,
				D65529A124E92C9F0027CF5F /* Resources */,
			);
			buildRules = (
			);
			dependencies = (
				D65529A524E92C9F0027CF5F /* PBXTargetDependency */,
			);
			name = "iosdc-2020-demoTests";
			productName = "iosdc-2020-demoTests";
			productReference = D65529A324E92C9F0027CF5F /* iosdc-2020-demoTests.xctest */;
			productType = "com.apple.product-type.bundle.unit-test";
		};
		D65529AD24E92C9F0027CF5F /* iosdc-2020-demoUITests */ = {
			isa = PBXNativeTarget;
			buildConfigurationList = D65529BD24E92C9F0027CF5F /* Build configuration list for PBXNativeTarget "iosdc-2020-demoUITests" */;
			buildPhases = (
				D65529AA24E92C9F0027CF5F /* Sources */,
				D65529AB24E92C9F0027CF5F /* Frameworks */,
				D65529AC24E92C9F0027CF5F /* Resources */,
			);
			buildRules = (
			);
			dependencies = (
				D65529B024E92C9F0027CF5F /* PBXTargetDependency */,
			);
			name = "iosdc-2020-demoUITests";
			productName = "iosdc-2020-demoUITests";
			productReference = D65529AE24E92C9F0027CF5F /* iosdc-2020-demoUITests.xctest */;
			productType = "com.apple.product-type.bundle.ui-testing";
		};
/* End PBXNativeTarget section */

/* Begin PBXProject section */
		D655298524E92C920027CF5F /* Project object */ = {
			isa = PBXProject;
			attributes = {
				LastSwiftUpdateCheck = 1140;
				LastUpgradeCheck = 1140;
				ORGANIZATIONNAME = "Shunsuke Sato";
				TargetAttributes = {
					D655298C24E92C920027CF5F = {
						CreatedOnToolsVersion = 11.4.1;
					};
					D65529A224E92C9F0027CF5F = {
						CreatedOnToolsVersion = 11.4.1;
						TestTargetID = D655298C24E92C920027CF5F;
					};
					D65529AD24E92C9F0027CF5F = {
						CreatedOnToolsVersion = 11.4.1;
						TestTargetID = D655298C24E92C920027CF5F;
					};
				};
			};
			buildConfigurationList = D655298824E92C920027CF5F /* Build configuration list for PBXProject "iosdc-2020-demo" */;
			compatibilityVersion = "Xcode 9.3";
			developmentRegion = en;
			hasScannedForEncodings = 0;
			knownRegions = (
				en,
				Base,
			);
			mainGroup = D655298424E92C920027CF5F;
			productRefGroup = D655298E24E92C920027CF5F /* Products */;
			projectDirPath = "";
			projectRoot = "";
			targets = (
				D655298C24E92C920027CF5F /* iosdc-2020-demo */,
				D65529A224E92C9F0027CF5F /* iosdc-2020-demoTests */,
				D65529AD24E92C9F0027CF5F /* iosdc-2020-demoUITests */,
			);
		};
/* End PBXProject section */

/* Begin PBXResourcesBuildPhase section */
		D655298B24E92C920027CF5F /* Resources */ = {
			isa = PBXResourcesBuildPhase;
			buildActionMask = 2147483647;
			files = (
				D655299D24E92C9F0027CF5F /* LaunchScreen.storyboard in Resources */,
				D655299A24E92C9F0027CF5F /* Assets.xcassets in Resources */,
				D655299824E92C920027CF5F /* Main.storyboard in Resources */,
				D65529E424E967FB0027CF5F /* SomeViewController.storyboard in Resources */,
			);
			runOnlyForDeploymentPostprocessing = 0;
		};
		D65529A124E92C9F0027CF5F /* Resources */ = {
			isa = PBXResourcesBuildPhase;
			buildActionMask = 2147483647;
			files = (
			);
			runOnlyForDeploymentPostprocessing = 0;
		};
		D65529AC24E92C9F0027CF5F /* Resources */ = {
			isa = PBXResourcesBuildPhase;
			buildActionMask = 2147483647;
			files = (
			);
			runOnlyForDeploymentPostprocessing = 0;
		};
/* End PBXResourcesBuildPhase section */

/* Begin PBXSourcesBuildPhase section */
		D655298924E92C920027CF5F /* Sources */ = {
			isa = PBXSourcesBuildPhase;
			buildActionMask = 2147483647;
			files = (
				D65529E024E935A90027CF5F /* SomePresenterImpl.swift in Sources */,
				D65529CE24E9324A0027CF5F /* SomeEntity.swift in Sources */,
				D655299524E92C920027CF5F /* ViewController.swift in Sources */,
				D65529E924EAB5AF0027CF5F /* DataSourceFactory.swift in Sources */,
				D65529E224E967E00027CF5F /* SomeViewController.swift in Sources */,
				D65529F324EABE530027CF5F /* SomeCoreDataSource.swift in Sources */,
				D655299124E92C920027CF5F /* AppDelegate.swift in Sources */,
				D65529EB24EAB5C10027CF5F /* RepositoryFactory.swift in Sources */,
				D65529DA24E9342D0027CF5F /* SomeRemoteDataSource.swift in Sources */,
				D65529D424E933820027CF5F /* SomeRepositoryImpl.swift in Sources */,
				D65529DC24E934760027CF5F /* SomeAlamofireDataSource.swift in Sources */,
				D655299324E92C920027CF5F /* SceneDelegate.swift in Sources */,
				D65529DE24E935190027CF5F /* SomeViewContract.swift in Sources */,
				D65529F124EABD700027CF5F /* HogeEntity.swift in Sources */,
				D65529D024E932A90027CF5F /* SomeType.swift in Sources */,
				D65529EF24EAB7420027CF5F /* ViewControllerFactory.swift in Sources */,
				D65529D824E933E10027CF5F /* SomeLocalDataSource.swift in Sources */,
				D65529D224E933240027CF5F /* SomeRepository.swift in Sources */,
			);
			runOnlyForDeploymentPostprocessing = 0;
		};
		D655299F24E92C9F0027CF5F /* Sources */ = {
			isa = PBXSourcesBuildPhase;
			buildActionMask = 2147483647;
			files = (
				D65529E624E96A430027CF5F /* SomePresenterTests.swift in Sources */,
			);
			runOnlyForDeploymentPostprocessing = 0;
		};
		D65529AA24E92C9F0027CF5F /* Sources */ = {
			isa = PBXSourcesBuildPhase;
			buildActionMask = 2147483647;
			files = (
				D65529B324E92C9F0027CF5F /* iosdc_2020_demoUITests.swift in Sources */,
			);
			runOnlyForDeploymentPostprocessing = 0;
		};
/* End PBXSourcesBuildPhase section */

/* Begin PBXTargetDependency section */
		D65529A524E92C9F0027CF5F /* PBXTargetDependency */ = {
			isa = PBXTargetDependency;
			target = D655298C24E92C920027CF5F /* iosdc-2020-demo */;
			targetProxy = D65529A424E92C9F0027CF5F /* PBXContainerItemProxy */;
		};
		D65529B024E92C9F0027CF5F /* PBXTargetDependency */ = {
			isa = PBXTargetDependency;
			target = D655298C24E92C920027CF5F /* iosdc-2020-demo */;
			targetProxy = D65529AF24E92C9F0027CF5F /* PBXContainerItemProxy */;
		};
/* End PBXTargetDependency section */

/* Begin PBXVariantGroup section */
		D655299624E92C920027CF5F /* Main.storyboard */ = {
			isa = PBXVariantGroup;
			children = (
				D655299724E92C920027CF5F /* Base */,
			);
			name = Main.storyboard;
			sourceTree = "<group>";
		};
		D655299B24E92C9F0027CF5F /* LaunchScreen.storyboard */ = {
			isa = PBXVariantGroup;
			children = (
				D655299C24E92C9F0027CF5F /* Base */,
			);
			name = LaunchScreen.storyboard;
			sourceTree = "<group>";
		};
/* End PBXVariantGroup section */

/* Begin XCBuildConfiguration section */
		D65529B524E92C9F0027CF5F /* Debug */ = {
			isa = XCBuildConfiguration;
			buildSettings = {
				ALWAYS_SEARCH_USER_PATHS = NO;
				CLANG_ANALYZER_NONNULL = YES;
				CLANG_ANALYZER_NUMBER_OBJECT_CONVERSION = YES_AGGRESSIVE;
				CLANG_CXX_LANGUAGE_STANDARD = "gnu++14";
				CLANG_CXX_LIBRARY = "libc++";
				CLANG_ENABLE_MODULES = YES;
				CLANG_ENABLE_OBJC_ARC = YES;
				CLANG_ENABLE_OBJC_WEAK = YES;
				CLANG_WARN_BLOCK_CAPTURE_AUTORELEASING = YES;
				CLANG_WARN_BOOL_CONVERSION = YES;
				CLANG_WARN_COMMA = YES;
				CLANG_WARN_CONSTANT_CONVERSION = YES;
				CLANG_WARN_DEPRECATED_OBJC_IMPLEMENTATIONS = YES;
				CLANG_WARN_DIRECT_OBJC_ISA_USAGE = YES_ERROR;
				CLANG_WARN_DOCUMENTATION_COMMENTS = YES;
				CLANG_WARN_EMPTY_BODY = YES;
				CLANG_WARN_ENUM_CONVERSION = YES;
				CLANG_WARN_INFINITE_RECURSION = YES;
				CLANG_WARN_INT_CONVERSION = YES;
				CLANG_WARN_NON_LITERAL_NULL_CONVERSION = YES;
				CLANG_WARN_OBJC_IMPLICIT_RETAIN_SELF = YES;
				CLANG_WARN_OBJC_LITERAL_CONVERSION = YES;
				CLANG_WARN_OBJC_ROOT_CLASS = YES_ERROR;
				CLANG_WARN_RANGE_LOOP_ANALYSIS = YES;
				CLANG_WARN_STRICT_PROTOTYPES = YES;
				CLANG_WARN_SUSPICIOUS_MOVE = YES;
				CLANG_WARN_UNGUARDED_AVAILABILITY = YES_AGGRESSIVE;
				CLANG_WARN_UNREACHABLE_CODE = YES;
				CLANG_WARN__DUPLICATE_METHOD_MATCH = YES;
				COPY_PHASE_STRIP = NO;
				DEBUG_INFORMATION_FORMAT = dwarf;
				ENABLE_STRICT_OBJC_MSGSEND = YES;
				ENABLE_TESTABILITY = YES;
				GCC_C_LANGUAGE_STANDARD = gnu11;
				GCC_DYNAMIC_NO_PIC = NO;
				GCC_NO_COMMON_BLOCKS = YES;
				GCC_OPTIMIZATION_LEVEL = 0;
				GCC_PREPROCESSOR_DEFINITIONS = (
					"DEBUG=1",
					"$(inherited)",
				);
				GCC_WARN_64_TO_32_BIT_CONVERSION = YES;
				GCC_WARN_ABOUT_RETURN_TYPE = YES_ERROR;
				GCC_WARN_UNDECLARED_SELECTOR = YES;
				GCC_WARN_UNINITIALIZED_AUTOS = YES_AGGRESSIVE;
				GCC_WARN_UNUSED_FUNCTION = YES;
				GCC_WARN_UNUSED_VARIABLE = YES;
				IPHONEOS_DEPLOYMENT_TARGET = 13.4;
				MTL_ENABLE_DEBUG_INFO = INCLUDE_SOURCE;
				MTL_FAST_MATH = YES;
				ONLY_ACTIVE_ARCH = YES;
				SDKROOT = iphoneos;
				SWIFT_ACTIVE_COMPILATION_CONDITIONS = DEBUG;
				SWIFT_OPTIMIZATION_LEVEL = "-Onone";
			};
			name = Debug;
		};
		D65529B624E92C9F0027CF5F /* Release */ = {
			isa = XCBuildConfiguration;
			buildSettings = {
				ALWAYS_SEARCH_USER_PATHS = NO;
				CLANG_ANALYZER_NONNULL = YES;
				CLANG_ANALYZER_NUMBER_OBJECT_CONVERSION = YES_AGGRESSIVE;
				CLANG_CXX_LANGUAGE_STANDARD = "gnu++14";
				CLANG_CXX_LIBRARY = "libc++";
				CLANG_ENABLE_MODULES = YES;
				CLANG_ENABLE_OBJC_ARC = YES;
				CLANG_ENABLE_OBJC_WEAK = YES;
				CLANG_WARN_BLOCK_CAPTURE_AUTORELEASING = YES;
				CLANG_WARN_BOOL_CONVERSION = YES;
				CLANG_WARN_COMMA = YES;
				CLANG_WARN_CONSTANT_CONVERSION = YES;
				CLANG_WARN_DEPRECATED_OBJC_IMPLEMENTATIONS = YES;
				CLANG_WARN_DIRECT_OBJC_ISA_USAGE = YES_ERROR;
				CLANG_WARN_DOCUMENTATION_COMMENTS = YES;
				CLANG_WARN_EMPTY_BODY = YES;
				CLANG_WARN_ENUM_CONVERSION = YES;
				CLANG_WARN_INFINITE_RECURSION = YES;
				CLANG_WARN_INT_CONVERSION = YES;
				CLANG_WARN_NON_LITERAL_NULL_CONVERSION = YES;
				CLANG_WARN_OBJC_IMPLICIT_RETAIN_SELF = YES;
				CLANG_WARN_OBJC_LITERAL_CONVERSION = YES;
				CLANG_WARN_OBJC_ROOT_CLASS = YES_ERROR;
				CLANG_WARN_RANGE_LOOP_ANALYSIS = YES;
				CLANG_WARN_STRICT_PROTOTYPES = YES;
				CLANG_WARN_SUSPICIOUS_MOVE = YES;
				CLANG_WARN_UNGUARDED_AVAILABILITY = YES_AGGRESSIVE;
				CLANG_WARN_UNREACHABLE_CODE = YES;
				CLANG_WARN__DUPLICATE_METHOD_MATCH = YES;
				COPY_PHASE_STRIP = NO;
				DEBUG_INFORMATION_FORMAT = "dwarf-with-dsym";
				ENABLE_NS_ASSERTIONS = NO;
				ENABLE_STRICT_OBJC_MSGSEND = YES;
				GCC_C_LANGUAGE_STANDARD = gnu11;
				GCC_NO_COMMON_BLOCKS = YES;
				GCC_WARN_64_TO_32_BIT_CONVERSION = YES;
				GCC_WARN_ABOUT_RETURN_TYPE = YES_ERROR;
				GCC_WARN_UNDECLARED_SELECTOR = YES;
				GCC_WARN_UNINITIALIZED_AUTOS = YES_AGGRESSIVE;
				GCC_WARN_UNUSED_FUNCTION = YES;
				GCC_WARN_UNUSED_VARIABLE = YES;
				IPHONEOS_DEPLOYMENT_TARGET = 13.4;
				MTL_ENABLE_DEBUG_INFO = NO;
				MTL_FAST_MATH = YES;
				SDKROOT = iphoneos;
				SWIFT_COMPILATION_MODE = wholemodule;
				SWIFT_OPTIMIZATION_LEVEL = "-O";
				VALIDATE_PRODUCT = YES;
			};
			name = Release;
		};
		D65529B824E92C9F0027CF5F /* Debug */ = {
			isa = XCBuildConfiguration;
			buildSettings = {
				ASSETCATALOG_COMPILER_APPICON_NAME = AppIcon;
				CODE_SIGN_STYLE = Automatic;
				DEVELOPMENT_TEAM = L64F6H3T9C;
				INFOPLIST_FILE = "iosdc-2020-demo/Info.plist";
				LD_RUNPATH_SEARCH_PATHS = (
					"$(inherited)",
					"@executable_path/Frameworks",
				);
				PRODUCT_BUNDLE_IDENTIFIER = "moguraproject.com.iosdc-2020-demo";
				PRODUCT_NAME = "$(TARGET_NAME)";
				SWIFT_VERSION = 5.0;
				TARGETED_DEVICE_FAMILY = "1,2";
			};
			name = Debug;
		};
		D65529B924E92C9F0027CF5F /* Release */ = {
			isa = XCBuildConfiguration;
			buildSettings = {
				ASSETCATALOG_COMPILER_APPICON_NAME = AppIcon;
				CODE_SIGN_STYLE = Automatic;
				DEVELOPMENT_TEAM = L64F6H3T9C;
				INFOPLIST_FILE = "iosdc-2020-demo/Info.plist";
				LD_RUNPATH_SEARCH_PATHS = (
					"$(inherited)",
					"@executable_path/Frameworks",
				);
				PRODUCT_BUNDLE_IDENTIFIER = "moguraproject.com.iosdc-2020-demo";
				PRODUCT_NAME = "$(TARGET_NAME)";
				SWIFT_VERSION = 5.0;
				TARGETED_DEVICE_FAMILY = "1,2";
			};
			name = Release;
		};
		D65529BB24E92C9F0027CF5F /* Debug */ = {
			isa = XCBuildConfiguration;
			buildSettings = {
				ALWAYS_EMBED_SWIFT_STANDARD_LIBRARIES = YES;
				BUNDLE_LOADER = "$(TEST_HOST)";
				CODE_SIGN_STYLE = Automatic;
				DEVELOPMENT_TEAM = L64F6H3T9C;
				INFOPLIST_FILE = "iosdc-2020-demoTests/Info.plist";
				IPHONEOS_DEPLOYMENT_TARGET = 13.4;
				LD_RUNPATH_SEARCH_PATHS = (
					"$(inherited)",
					"@executable_path/Frameworks",
					"@loader_path/Frameworks",
				);
				PRODUCT_BUNDLE_IDENTIFIER = "moguraproject.com.iosdc-2020-demoTests";
				PRODUCT_NAME = "$(TARGET_NAME)";
				SWIFT_VERSION = 5.0;
				TARGETED_DEVICE_FAMILY = "1,2";
				TEST_HOST = "$(BUILT_PRODUCTS_DIR)/iosdc-2020-demo.app/iosdc-2020-demo";
			};
			name = Debug;
		};
		D65529BC24E92C9F0027CF5F /* Release */ = {
			isa = XCBuildConfiguration;
			buildSettings = {
				ALWAYS_EMBED_SWIFT_STANDARD_LIBRARIES = YES;
				BUNDLE_LOADER = "$(TEST_HOST)";
				CODE_SIGN_STYLE = Automatic;
				DEVELOPMENT_TEAM = L64F6H3T9C;
				INFOPLIST_FILE = "iosdc-2020-demoTests/Info.plist";
				IPHONEOS_DEPLOYMENT_TARGET = 13.4;
				LD_RUNPATH_SEARCH_PATHS = (
					"$(inherited)",
					"@executable_path/Frameworks",
					"@loader_path/Frameworks",
				);
				PRODUCT_BUNDLE_IDENTIFIER = "moguraproject.com.iosdc-2020-demoTests";
				PRODUCT_NAME = "$(TARGET_NAME)";
				SWIFT_VERSION = 5.0;
				TARGETED_DEVICE_FAMILY = "1,2";
				TEST_HOST = "$(BUILT_PRODUCTS_DIR)/iosdc-2020-demo.app/iosdc-2020-demo";
			};
			name = Release;
		};
		D65529BE24E92C9F0027CF5F /* Debug */ = {
			isa = XCBuildConfiguration;
			buildSettings = {
				ALWAYS_EMBED_SWIFT_STANDARD_LIBRARIES = YES;
				CODE_SIGN_STYLE = Automatic;
				DEVELOPMENT_TEAM = L64F6H3T9C;
				INFOPLIST_FILE = "iosdc-2020-demoUITests/Info.plist";
				LD_RUNPATH_SEARCH_PATHS = (
					"$(inherited)",
					"@executable_path/Frameworks",
					"@loader_path/Frameworks",
				);
				PRODUCT_BUNDLE_IDENTIFIER = "moguraproject.com.iosdc-2020-demoUITests";
				PRODUCT_NAME = "$(TARGET_NAME)";
				SWIFT_VERSION = 5.0;
				TARGETED_DEVICE_FAMILY = "1,2";
				TEST_TARGET_NAME = "iosdc-2020-demo";
			};
			name = Debug;
		};
		D65529BF24E92C9F0027CF5F /* Release */ = {
			isa = XCBuildConfiguration;
			buildSettings = {
				ALWAYS_EMBED_SWIFT_STANDARD_LIBRARIES = YES;
				CODE_SIGN_STYLE = Automatic;
				DEVELOPMENT_TEAM = L64F6H3T9C;
				INFOPLIST_FILE = "iosdc-2020-demoUITests/Info.plist";
				LD_RUNPATH_SEARCH_PATHS = (
					"$(inherited)",
					"@executable_path/Frameworks",
					"@loader_path/Frameworks",
				);
				PRODUCT_BUNDLE_IDENTIFIER = "moguraproject.com.iosdc-2020-demoUITests";
				PRODUCT_NAME = "$(TARGET_NAME)";
				SWIFT_VERSION = 5.0;
				TARGETED_DEVICE_FAMILY = "1,2";
				TEST_TARGET_NAME = "iosdc-2020-demo";
			};
			name = Release;
		};
/* End XCBuildConfiguration section */

/* Begin XCConfigurationList section */
		D655298824E92C920027CF5F /* Build configuration list for PBXProject "iosdc-2020-demo" */ = {
			isa = XCConfigurationList;
			buildConfigurations = (
				D65529B524E92C9F0027CF5F /* Debug */,
				D65529B624E92C9F0027CF5F /* Release */,
			);
			defaultConfigurationIsVisible = 0;
			defaultConfigurationName = Release;
		};
		D65529B724E92C9F0027CF5F /* Build configuration list for PBXNativeTarget "iosdc-2020-demo" */ = {
			isa = XCConfigurationList;
			buildConfigurations = (
				D65529B824E92C9F0027CF5F /* Debug */,
				D65529B924E92C9F0027CF5F /* Release */,
			);
			defaultConfigurationIsVisible = 0;
			defaultConfigurationName = Release;
		};
		D65529BA24E92C9F0027CF5F /* Build configuration list for PBXNativeTarget "iosdc-2020-demoTests" */ = {
			isa = XCConfigurationList;
			buildConfigurations = (
				D65529BB24E92C9F0027CF5F /* Debug */,
				D65529BC24E92C9F0027CF5F /* Release */,
			);
			defaultConfigurationIsVisible = 0;
			defaultConfigurationName = Release;
		};
		D65529BD24E92C9F0027CF5F /* Build configuration list for PBXNativeTarget "iosdc-2020-demoUITests" */ = {
			isa = XCConfigurationList;
			buildConfigurations = (
				D65529BE24E92C9F0027CF5F /* Debug */,
				D65529BF24E92C9F0027CF5F /* Release */,
			);
			defaultConfigurationIsVisible = 0;
			defaultConfigurationName = Release;
		};
/* End XCConfigurationList section */
	};
	rootObject = D655298524E92C920027CF5F /* Project object */;
}
